
Microsoft Visual Studio Solution File, Format Version 12.00
# Visual Studio Version 17
VisualStudioVersion = 17.5.002.0
MinimumVisualStudioVersion = 10.0.40219.1
Project("{9A19103F-16F7-4668-BE54-9A1E7A4F7556}") = "AcmeLib", "AcmeLib\AcmeLib.csproj", "{94DA0537-8267-4C17-8EF7-B0D70E8CDE9B}"
EndProject
Project("{9A19103F-16F7-4668-BE54-9A1E7A4F7556}") = "AcmeWeb", "AcmeWeb\AcmeWeb.csproj", "{73FA1D64-2309-4623-85F1-297BD2D1CCBF}"
EndProject
Global
	GlobalSection(SolutionConfigurationPlatforms) = preSolution
		Debug|Any CPU = Debug|Any CPU
		Release|Any CPU = Release|Any CPU
	EndGlobalSection
	GlobalSection(ProjectConfigurationPlatforms) = postSolution
		{94DA0537-8267-4C17-8EF7-B0D70E8CDE9B}.Debug|Any CPU.ActiveCfg = Debug|Any CPU
		{94DA0537-8267-4C17-8EF7-B0D70E8CDE9B}.Debug|Any CPU.Build.0 = Debug|Any CPU
		{94DA0537-8267-4C17-8EF7-B0D70E8CDE9B}.Release|Any CPU.ActiveCfg = Release|Any CPU
		{94DA0537-8267-4C17-8EF7-B0D70E8CDE9B}.Release|Any CPU.Build.0 = Release|Any CPU
		{73FA1D64-2309-4623-85F1-297BD2D1CCBF}.Debug|Any CPU.ActiveCfg = Debug|Any CPU
		{73FA1D64-2309-4623-85F1-297BD2D1CCBF}.Debug|Any CPU.Build.0 = Debug|Any CPU
		{73FA1D64-2309-4623-85F1-297BD2D1CCBF}.Release|Any CPU.ActiveCfg = Release|Any CPU
		{73FA1D64-2309-4623-85F1-297BD2D1CCBF}.Release|Any CPU.Build.0 = Release|Any CPU
	EndGlobalSection
	GlobalSection(SolutionProperties) = preSolution
		HideSolutionNode = FALSE
	EndGlobalSection
	GlobalSection(ExtensibilityGlobals) = postSolution
		SolutionGuid = {37AF253C-0075-4BFC-B396-E1001794DC0A}
	EndGlobalSection
EndGlobal
