
Microsoft Visual Studio Solution File, Format Version 12.00
# Visual Studio Version 17
VisualStudioVersion = 17.0.32112.339
MinimumVisualStudioVersion = 10.0.40219.1
Project("{FAE04EC0-301F-11D3-BF4B-00C04F79EFBC}") = "AcmeWeb", "AcmeWeb\AcmeWeb.csproj", "{DECC7D0D-0A72-46E1-A3C6-2933BE17A437}"
EndProject
Project("{FAE04EC0-301F-11D3-BF4B-00C04F79EFBC}") = "AcmeLib", "AcmeLib\AcmeLib.csproj", "{B5219B63-DCF3-4151-ADDB-502CDCB88415}"
EndProject
Global
	GlobalSection(SolutionConfigurationPlatforms) = preSolution
		Debug|Any CPU = Debug|Any CPU
		Release|Any CPU = Release|Any CPU
	EndGlobalSection
	GlobalSection(ProjectConfigurationPlatforms) = postSolution
		{DECC7D0D-0A72-46E1-A3C6-2933BE17A437}.Debug|Any CPU.ActiveCfg = Debug|Any CPU
		{DECC7D0D-0A72-46E1-A3C6-2933BE17A437}.Debug|Any CPU.Build.0 = Debug|Any CPU
		{DECC7D0D-0A72-46E1-A3C6-2933BE17A437}.Release|Any CPU.ActiveCfg = Release|Any CPU
		{DECC7D0D-0A72-46E1-A3C6-2933BE17A437}.Release|Any CPU.Build.0 = Release|Any CPU
		{B5219B63-DCF3-4151-ADDB-502CDCB88415}.Debug|Any CPU.ActiveCfg = Debug|Any CPU
		{B5219B63-DCF3-4151-ADDB-502CDCB88415}.Debug|Any CPU.Build.0 = Debug|Any CPU
		{B5219B63-DCF3-4151-ADDB-502CDCB88415}.Release|Any CPU.ActiveCfg = Release|Any CPU
		{B5219B63-DCF3-4151-ADDB-502CDCB88415}.Release|Any CPU.Build.0 = Release|Any CPU
	EndGlobalSection
	GlobalSection(SolutionProperties) = preSolution
		HideSolutionNode = FALSE
	EndGlobalSection
	GlobalSection(ExtensibilityGlobals) = postSolution
		SolutionGuid = {772C3653-70F4-4AA2-90DB-0BAEB28344DC}
	EndGlobalSection
EndGlobal
